
Microsoft Visual Studio Solution File, Format Version 12.00
# Visual Studio Version 16
VisualStudioVersion = 16.0.29709.97
MinimumVisualStudioVersion = 10.0.40219.1
Project("{FAE04EC0-301F-11D3-BF4B-00C04F79EFBC}") = "OpenIdConnect", "OpenIdConnect\OpenIdConnect.csproj", "{78EE08FB-CA3D-4281-9764-123A7E18452E}"
EndProject
Project("{FAE04EC0-301F-11D3-BF4B-00C04F79EFBC}") = "BasicOpenConnedId", "BasicOpenConnedId\BasicOpenConnedId.csproj", "{6E4034C1-0A04-4CA1-B6EC-A147A031CEC1}"
EndProject
Global
	GlobalSection(SolutionConfigurationPlatforms) = preSolution
		Debug|Any CPU = Debug|Any CPU
		Release|Any CPU = Release|Any CPU
	EndGlobalSection
	GlobalSection(ProjectConfigurationPlatforms) = postSolution
		{78EE08FB-CA3D-4281-9764-123A7E18452E}.Debug|Any CPU.ActiveCfg = Debug|Any CPU
		{78EE08FB-CA3D-4281-9764-123A7E18452E}.Debug|Any CPU.Build.0 = Debug|Any CPU
		{78EE08FB-CA3D-4281-9764-123A7E18452E}.Release|Any CPU.ActiveCfg = Release|Any CPU
		{78EE08FB-CA3D-4281-9764-123A7E18452E}.Release|Any CPU.Build.0 = Release|Any CPU
		{6E4034C1-0A04-4CA1-B6EC-A147A031CEC1}.Debug|Any CPU.ActiveCfg = Debug|Any CPU
		{6E4034C1-0A04-4CA1-B6EC-A147A031CEC1}.Debug|Any CPU.Build.0 = Debug|Any CPU
		{6E4034C1-0A04-4CA1-B6EC-A147A031CEC1}.Release|Any CPU.ActiveCfg = Release|Any CPU
		{6E4034C1-0A04-4CA1-B6EC-A147A031CEC1}.Release|Any CPU.Build.0 = Release|Any CPU
	EndGlobalSection
	GlobalSection(SolutionProperties) = preSolution
		HideSolutionNode = FALSE
	EndGlobalSection
	GlobalSection(ExtensibilityGlobals) = postSolution
		SolutionGuid = {09B6975E-4219-43B2-950D-BA38302CB0D5}
	EndGlobalSection
EndGlobal
